# This file is generated by running "yarn install" inside your project.
# Manual changes might be lost - proceed with caution!

__metadata:
  version: 5
  cacheKey: 8

"benchmark@npm:^2.1.4":
  version: 2.1.4
  resolution: "benchmark@npm:2.1.4"
  dependencies:
    lodash: ^4.17.4
    platform: ^1.3.3
  checksum: aa466561d4f2b0a2419a3069b8f90fd35ffacf26849697eea9de525ecfbd10b44da11070cc51c88d772076db8cb2415641b493de7d6c024fdf8551019c6fcf1c
  languageName: node
  linkType: hard

"cuint@npm:^0.2.2":
  version: 0.2.2
  resolution: "cuint@npm:0.2.2"
  checksum: b8127a93a7f16ce120ffcb22108014327c9808b258ee20e7dbb4c6740d7cb0f0c12d18a054eb716b0f2470090666abaae8a082d3cd5ef0e94fa447dd155842c4
  languageName: node
  linkType: hard

"lodash@npm:^4.17.4":
  version: 4.17.21
  resolution: "lodash@npm:4.17.21"
  checksum: eb835a2e51d381e561e508ce932ea50a8e5a68f4ebdd771ea240d3048244a8d13658acbd502cd4829768c56f2e16bdd4340b9ea141297d472517b83868e677f7
  languageName: node
  linkType: hard

"platform@npm:^1.3.3":
  version: 1.3.4
  resolution: "platform@npm:1.3.4"
  checksum: aadbdbda8475bcfe4b491f42bf0c4a5295244f446c42ca85a9036bb69bf48ccd4beeddb6908e4dc162acb735889311d6c5949784c44c6df6d8beb781344300bc
  languageName: node
  linkType: hard

"xxhash-wasm-bench@workspace:.":
  version: 0.0.0-use.local
  resolution: "xxhash-wasm-bench@workspace:."
  dependencies:
    benchmark: ^2.1.4
    xxhash-wasm: ^1.0.0
    xxhashjs: ^0.2.2
  languageName: unknown
  linkType: soft

"xxhash-wasm@npm:^1.0.0":
  version: 1.0.0
  resolution: "xxhash-wasm@npm:1.0.0"
  checksum: 392c37ccc349ec7a384f434fc97eefdc67b318a4033eb97fbb6086e05dd90bb76827ba236b89bb494e08fd4ecd0c4104f91eb17840a175a2d636837a627292df
  languageName: node
  linkType: hard

"xxhashjs@npm:^0.2.2":
  version: 0.2.2
  resolution: "xxhashjs@npm:0.2.2"
  dependencies:
    cuint: ^0.2.2
  checksum: cf6baf05bafe5651dbf108008bafdb1ebe972f65228633f00b56c49d7a1e614a821fe3345c4eb27462994c7c954d982eae05871be6a48146f30803dd87f3c3b6
  languageName: node
  linkType: hard
